
Microsoft Visual Studio Solution File, Format Version 12.00
# Visual Studio Version 17
VisualStudioVersion = 17.0.32014.148
MinimumVisualStudioVersion = 10.0.40219.1
Project("{FAE04EC0-301F-11D3-BF4B-00C04F79EFBC}") = "projeto_pratico_em_sistemas", "projeto_pratico_em_sistemas.csproj", "{526037A7-B675-4BB7-94D6-26336989963C}"
EndProject
Global
	GlobalSection(SolutionConfigurationPlatforms) = preSolution
		Debug|Any CPU = Debug|Any CPU
		Release|Any CPU = Release|Any CPU
	EndGlobalSection
	GlobalSection(ProjectConfigurationPlatforms) = postSolution
		{526037A7-B675-4BB7-94D6-26336989963C}.Debug|Any CPU.ActiveCfg = Debug|Any CPU
		{526037A7-B675-4BB7-94D6-26336989963C}.Debug|Any CPU.Build.0 = Debug|Any CPU
		{526037A7-B675-4BB7-94D6-26336989963C}.Release|Any CPU.ActiveCfg = Release|Any CPU
		{526037A7-B675-4BB7-94D6-26336989963C}.Release|Any CPU.Build.0 = Release|Any CPU
	EndGlobalSection
	GlobalSection(SolutionProperties) = preSolution
		HideSolutionNode = FALSE
	EndGlobalSection
	GlobalSection(ExtensibilityGlobals) = postSolution
		SolutionGuid = {5899EBC9-BA39-401E-A311-F9F7FEEDCB9B}
	EndGlobalSection
EndGlobal
